
Microsoft Visual Studio Solution File, Format Version 12.00
# Visual Studio 15
VisualStudioVersion = 15.0.27703.2042
MinimumVisualStudioVersion = 10.0.40219.1
Project("{FAE04EC0-301F-11D3-BF4B-00C04F79EFBC}") = "RabbitMqUtil", "RabbitMqUtil\RabbitMqUtil.csproj", "{C4B179DD-A6ED-48D6-AA3B-A9EB79D0E043}"
EndProject
Global
	GlobalSection(SolutionConfigurationPlatforms) = preSolution
		Debug|Any CPU = Debug|Any CPU
		Release|Any CPU = Release|Any CPU
	EndGlobalSection
	GlobalSection(ProjectConfigurationPlatforms) = postSolution
		{C4B179DD-A6ED-48D6-AA3B-A9EB79D0E043}.Debug|Any CPU.ActiveCfg = Debug|Any CPU
		{C4B179DD-A6ED-48D6-AA3B-A9EB79D0E043}.Debug|Any CPU.Build.0 = Debug|Any CPU
		{C4B179DD-A6ED-48D6-AA3B-A9EB79D0E043}.Release|Any CPU.ActiveCfg = Release|Any CPU
		{C4B179DD-A6ED-48D6-AA3B-A9EB79D0E043}.Release|Any CPU.Build.0 = Release|Any CPU
	EndGlobalSection
	GlobalSection(SolutionProperties) = preSolution
		HideSolutionNode = FALSE
	EndGlobalSection
	GlobalSection(ExtensibilityGlobals) = postSolution
		SolutionGuid = {D57382A1-3D65-433D-ADDB-E19BE5D47675}
	EndGlobalSection
EndGlobal
